schema: '2.0'
stages:
  prepare_dataloader:
    cmd: python prepare_dataloader.py
    deps:
    - path: prepare_dataloader.py
      hash: md5
      md5: b756529f284e332b403ff4cd4e4fc387
      size: 2198
    params:
      params.yaml:
        dataset:
          root_dir: /home/aldo/opt/dataset/Anti-UAV-RGBT
          train_loader_path: data/train_dataloader.pickle
          val_loader_path: data/val_dataloader.pickle
          test_loader_path: data/test_dataloader.pickle
          batch_size: 4
          remote: false
          image_size:
          - 640
          - 640
          workers: 32
          mosaic: false
          format: yolo
        model.hparams.anchors:
        - - - 29
            - 23
          - - 48
            - 30
          - - 67
            - 38
        - - - 91
            - 54
          - - 120
            - 75
          - - 157
            - 60
        - - - 199
            - 73
          - - 315
            - 92
          - - 268
            - 182
        model.hparams.head_scales:
        - 32
        - 16
        - 8
        train.seed: 211
    outs:
    - path: data/test_dataloader.pickle
      hash: md5
      md5: 5bdac2bb4ce82ef711b22cc7fbe34d5c
      size: 80057631
    - path: data/train_dataloader.pickle
      hash: md5
      md5: 2740167fe2fe596a04a6bcfb96fa82d0
      size: 142398455
    - path: data/val_dataloader.pickle
      hash: md5
      md5: 81a0917c77f5e3c771f05176fce9dded
      size: 57854667
  train:
    cmd: python train.py
    deps:
    - path: data/train_dataloader.pickle
      hash: md5
      md5: 2740167fe2fe596a04a6bcfb96fa82d0
      size: 142398455
    - path: data/val_dataloader.pickle
      hash: md5
      md5: 81a0917c77f5e3c771f05176fce9dded
      size: 57854667
    - path: train.py
      hash: md5
      md5: b6a0f046fd86123f353c99c3c5d9136e
      size: 2403
    params:
      params.yaml:
        dataset:
          root_dir: /home/aldo/opt/dataset/Anti-UAV-RGBT
          train_loader_path: data/train_dataloader.pickle
          val_loader_path: data/val_dataloader.pickle
          test_loader_path: data/test_dataloader.pickle
          batch_size: 4
          remote: false
          image_size:
          - 640
          - 640
          workers: 32
          mosaic: false
          format: yolo
        model:
          name: DyYOLO
          hparams:
            anchors:
            - - - 29
                - 23
              - - 48
                - 30
              - - 67
                - 38
            - - - 91
                - 54
              - - 120
                - 75
              - - 157
                - 60
            - - - 199
                - 73
              - - 315
                - 92
              - - 268
                - 182
            head_scales:
            - 32
            - 16
            - 8
            lr: 0.0001
            lr_scheduler: false
            loss_balancing:
              obj_scales_w:
              - 0.5
              - 1.0
              - 2.0
              bbox_w: 4.0
              objectness_w: 1.0
              no_obj_w: 4.0
            bbox_loss_fn: mse
            attn_temperature: 30.0
            optim:
              name: SGD
              momentum: 0.7
            layer_config:
            - - 32
              - 3
              - 1
            - - 64
              - 3
              - 2
            - - B
              - 1
            - - 128
              - 3
              - 2
            - - B
              - 2
            - - 256
              - 3
              - 2
            - - B
              - 8
            - - 512
              - 3
              - 2
            - - B
              - 8
            - - 1024
              - 3
              - 2
            - - B
              - 4
            - - 512
              - 1
              - 1
            - - 1024
              - 3
              - 1
            - - S
            - - 256
              - 1
              - 1
            - - U
            - - 256
              - 1
              - 1
            - - 512
              - 3
              - 1
            - - S
            - - 128
              - 1
              - 1
            - - U
            - - 128
              - 1
              - 1
            - - 256
              - 3
              - 1
            - - S
        train:
          seed: 211
          trainer:
            epochs: 5
            input_size:
            - 3
            - 640
            - 640
            profiler:
            grad_batches: 2
            train_batches: 1.0
            val_batches: 1.0
            val_check_interval: 1.0
            accelerator: gpu
            devices: 1
            precision: medium
            grad_clip_val:
          checkpoint:
            dir: logs/checkpoints
            monitor: val_loss
            mode: min
    outs:
    - path: dvclive/plots
      hash: md5
      md5: f6b9bdf861b979dc71599ba78df56953.dir
      size: 314996
      nfiles: 7
    - path: logs/checkpoints
      hash: md5
      md5: 62cff9c1dd7089f540ed455931ebdb51.dir
      size: 1640445328
      nfiles: 2
